
Microsoft Visual Studio Solution File, Format Version 12.00
Project("{FAE04EC0-301F-11D3-BF4B-00C04F79EFBC}") = "ProducerApp", "ProducerApp\ProducerApp.csproj", "{4696D5B3-85B0-443E-BE12-A53A5F4E2AC7}"
EndProject
Project("{FAE04EC0-301F-11D3-BF4B-00C04F79EFBC}") = "ConsumerApp", "ConsumerApp\ConsumerApp.csproj", "{2B41738B-F7E3-451C-8A98-138F2AFB4B88}"
EndProject
Project("{FAE04EC0-301F-11D3-BF4B-00C04F79EFBC}") = "Contracts", "Contracts\Contracts.csproj", "{C45A16AC-C91B-43A0-A75B-CFB6A1601ED8}"
EndProject
Global
	GlobalSection(SolutionConfigurationPlatforms) = preSolution
		Debug|Any CPU = Debug|Any CPU
		Release|Any CPU = Release|Any CPU
	EndGlobalSection
	GlobalSection(ProjectConfigurationPlatforms) = postSolution
		{4696D5B3-85B0-443E-BE12-A53A5F4E2AC7}.Debug|Any CPU.ActiveCfg = Debug|Any CPU
		{4696D5B3-85B0-443E-BE12-A53A5F4E2AC7}.Debug|Any CPU.Build.0 = Debug|Any CPU
		{4696D5B3-85B0-443E-BE12-A53A5F4E2AC7}.Release|Any CPU.ActiveCfg = Release|Any CPU
		{4696D5B3-85B0-443E-BE12-A53A5F4E2AC7}.Release|Any CPU.Build.0 = Release|Any CPU
		{2B41738B-F7E3-451C-8A98-138F2AFB4B88}.Debug|Any CPU.ActiveCfg = Debug|Any CPU
		{2B41738B-F7E3-451C-8A98-138F2AFB4B88}.Debug|Any CPU.Build.0 = Debug|Any CPU
		{2B41738B-F7E3-451C-8A98-138F2AFB4B88}.Release|Any CPU.ActiveCfg = Release|Any CPU
		{2B41738B-F7E3-451C-8A98-138F2AFB4B88}.Release|Any CPU.Build.0 = Release|Any CPU
		{C45A16AC-C91B-43A0-A75B-CFB6A1601ED8}.Debug|Any CPU.ActiveCfg = Debug|Any CPU
		{C45A16AC-C91B-43A0-A75B-CFB6A1601ED8}.Debug|Any CPU.Build.0 = Debug|Any CPU
		{C45A16AC-C91B-43A0-A75B-CFB6A1601ED8}.Release|Any CPU.ActiveCfg = Release|Any CPU
		{C45A16AC-C91B-43A0-A75B-CFB6A1601ED8}.Release|Any CPU.Build.0 = Release|Any CPU
	EndGlobalSection
EndGlobal
